// !$*UTF8*$!
{
	archiveVersion = 1;
	classes = {
	};
	objectVersion = 77;
	objects = {

/* Begin PBXBuildFile section */
		E715B1E52FFCFE8B0065AD8B /* QuizModels.swift in Sources */ = {isa = PBXBuildFile; fileRef = E715B1D72FFCFE8B0065AD8B /* QuizModels.swift */; };
		E715B1E62FFCFE8B0065AD8B /* QuizService.swift in Sources */ = {isa = PBXBuildFile; fileRef = E715B1D82FFCFE8B0065AD8B /* QuizService.swift */; };
		E715B1E72FFCFE8B0065AD8B /* QuizViewModel.swift in Sources */ = {isa = PBXBuildFile; fileRef = E715B1D92FFCFE8B0065AD8B /* QuizViewModel.swift */; };
		E715B1E82FFCFE8B0065AD8B /* Game2- LevelProgression.swift in Sources */ = {isa = PBXBuildFile; fileRef = E715B1DC2FFCFE8B0065AD8B /* Game2- LevelProgression.swift */; };
		E715B1E92FFCFE8B0065AD8B /* Game2-CardModel.swift in Sources */ = {isa = PBXBuildFile; fileRef = E715B1DD2FFCFE8B0065AD8B /* Game2-CardModel.swift */; };
		E715B1EA2FFCFE8B0065AD8B /* HomeView.swift in Sources */ = {isa = PBXBuildFile; fileRef = E715B1DE2FFCFE8B0065AD8B /* HomeView.swift */; };
		E715B1EB2FFCFE8B0065AD8B /* ios_practicalsApp.swift in Sources */ = {isa = PBXBuildFile; fileRef = E715B1DF2FFCFE8B0065AD8B /* ios_practicalsApp.swift */; };
		E715B1EC2FFCFE8B0065AD8B /* LightItUpView.swift in Sources */ = {isa = PBXBuildFile; fileRef = E715B1E02FFCFE8B0065AD8B /* LightItUpView.swift */; };
		E715B1ED2FFCFE8B0065AD8B /* LightItUpVM.swift in Sources */ = {isa = PBXBuildFile; fileRef = E715B1E12FFCFE8B0065AD8B /* LightItUpVM.swift */; };
		E715B1EE2FFCFE8B0065AD8B /* QuizRushGameView.swift in Sources */ = {isa = PBXBuildFile; fileRef = E715B1E22FFCFE8B0065AD8B /* QuizRushGameView.swift */; };
		E715B1EF2FFCFE8B0065AD8B /* TapFrenzyView.swift in Sources */ = {isa = PBXBuildFile; fileRef = E715B1E32FFCFE8B0065AD8B /* TapFrenzyView.swift */; };
		E715B1F02FFCFE8B0065AD8B /* TapFrenzyVM.swift in Sources */ = {isa = PBXBuildFile; fileRef = E715B1E42FFCFE8B0065AD8B /* TapFrenzyVM.swift */; };
		E715B2032FFD0F580065AD8B /* MainTab.swift in Sources */ = {isa = PBXBuildFile; fileRef = E715B2022FFD0F580065AD8B /* MainTab.swift */; };
		E715B2052FFD0FBD0065AD8B /* StatsTab.swift in Sources */ = {isa = PBXBuildFile; fileRef = E715B2042FFD0FBD0065AD8B /* StatsTab.swift */; };
		E715B2072FFD10FE0065AD8B /* MapTab.swift in Sources */ = {isa = PBXBuildFile; fileRef = E715B2062FFD10FE0065AD8B /* MapTab.swift */; };
		E715B2092FFD115F0065AD8B /* SettingsTab.swift in Sources */ = {isa = PBXBuildFile; fileRef = E715B2082FFD115F0065AD8B /* SettingsTab.swift */; };
		E715B20B2FFD164B0065AD8B /* GameSession.swift in Sources */ = {isa = PBXBuildFile; fileRef = E715B20A2FFD164B0065AD8B /* GameSession.swift */; };
		E715B20D2FFD17AA0065AD8B /* ResultView.swift in Sources */ = {isa = PBXBuildFile; fileRef = E715B20C2FFD17AA0065AD8B /* ResultView.swift */; };
		E7FB0BD13000A7D300D9DFEF /* LocationService.swift in Sources */ = {isa = PBXBuildFile; fileRef = E7FB0BD03000A7D300D9DFEF /* LocationService.swift */; };
		E7FB0BD53001060400D9DFEF /* NotificationService.swift in Sources */ = {isa = PBXBuildFile; fileRef = E7FB0BD43001060400D9DFEF /* NotificationService.swift */; };
/* End PBXBuildFile section */

/* Begin PBXFileReference section */
		E715B1D72FFCFE8B0065AD8B /* QuizModels.swift */ = {isa = PBXFileReference; lastKnownFileType = sourcecode.swift; path = QuizModels.swift; sourceTree = "<group>"; };
		E715B1D82FFCFE8B0065AD8B /* QuizService.swift */ = {isa = PBXFileReference; lastKnownFileType = sourcecode.swift; path = QuizService.swift; sourceTree = "<group>"; };
		E715B1D92FFCFE8B0065AD8B /* QuizViewModel.swift */ = {isa = PBXFileReference; lastKnownFileType = sourcecode.swift; path = QuizViewModel.swift; sourceTree = "<group>"; };
		E715B1DC2FFCFE8B0065AD8B /* Game2- LevelProgression.swift */ = {isa = PBXFileReference; lastKnownFileType = sourcecode.swift; path = "Game2- LevelProgression.swift"; sourceTree = "<group>"; };
		E715B1DD2FFCFE8B0065AD8B /* Game2-CardModel.swift */ = {isa = PBXFileReference; lastKnownFileType = sourcecode.swift; path = "Game2-CardModel.swift"; sourceTree = "<group>"; };
		E715B1DE2FFCFE8B0065AD8B /* HomeView.swift */ = {isa = PBXFileReference; lastKnownFileType = sourcecode.swift; path = HomeView.swift; sourceTree = "<group>"; };
		E715B1DF2FFCFE8B0065AD8B /* ios_practicalsApp.swift */ = {isa = PBXFileReference; lastKnownFileType = sourcecode.swift; path = ios_practicalsApp.swift; sourceTree = "<group>"; };
		E715B1E02FFCFE8B0065AD8B /* LightItUpView.swift */ = {isa = PBXFileReference; lastKnownFileType = sourcecode.swift; path = LightItUpView.swift; sourceTree = "<group>"; };
		E715B1E12FFCFE8B0065AD8B /* LightItUpVM.swift */ = {isa = PBXFileReference; lastKnownFileType = sourcecode.swift; path = LightItUpVM.swift; sourceTree = "<group>"; };
		E715B1E22FFCFE8B0065AD8B /* QuizRushGameView.swift */ = {isa = PBXFileReference; lastKnownFileType = sourcecode.swift; path = QuizRushGameView.swift; sourceTree = "<group>"; };
		E715B1E32FFCFE8B0065AD8B /* TapFrenzyView.swift */ = {isa = PBXFileReference; lastKnownFileType = sourcecode.swift; path = TapFrenzyView.swift; sourceTree = "<group>"; };
		E715B1E42FFCFE8B0065AD8B /* TapFrenzyVM.swift */ = {isa = PBXFileReference; lastKnownFileType = sourcecode.swift; path = TapFrenzyVM.swift; sourceTree = "<group>"; };
		E715B2022FFD0F580065AD8B /* MainTab.swift */ = {isa = PBXFileReference; lastKnownFileType = sourcecode.swift; path = MainTab.swift; sourceTree = "<group>"; };
		E715B2042FFD0FBD0065AD8B /* StatsTab.swift */ = {isa = PBXFileReference; lastKnownFileType = sourcecode.swift; path = StatsTab.swift; sourceTree = "<group>"; };
		E715B2062FFD10FE0065AD8B /* MapTab.swift */ = {isa = PBXFileReference; lastKnownFileType = sourcecode.swift; path = MapTab.swift; sourceTree = "<group>"; };
		E715B2082FFD115F0065AD8B /* SettingsTab.swift */ = {isa = PBXFileReference; lastKnownFileType = sourcecode.swift; path = SettingsTab.swift; sourceTree = "<group>"; };
		E715B20A2FFD164B0065AD8B /* GameSession.swift */ = {isa = PBXFileReference; lastKnownFileType = sourcecode.swift; path = GameSession.swift; sourceTree = "<group>"; };
		E715B20C2FFD17AA0065AD8B /* ResultView.swift */ = {isa = PBXFileReference; lastKnownFileType = sourcecode.swift; path = ResultView.swift; sourceTree = "<group>"; };
		E78634112FD41AFF00B1F430 /* ios practicals.app */ = {isa = PBXFileReference; explicitFileType = wrapper.application; includeInIndex = 0; path = "ios practicals.app"; sourceTree = BUILT_PRODUCTS_DIR; };
		E7FB0BD03000A7D300D9DFEF /* LocationService.swift */ = {isa = PBXFileReference; lastKnownFileType = sourcecode.swift; path = LocationService.swift; sourceTree = "<group>"; };
		E7FB0BD43001060400D9DFEF /* NotificationService.swift */ = {isa = PBXFileReference; lastKnownFileType = sourcecode.swift; path = NotificationService.swift; sourceTree = "<group>"; };
/* End PBXFileReference section */

/* Begin PBXFileSystemSynchronizedRootGroup section */
		E78634132FD41AFF00B1F430 /* ios practicals */ = {
			isa = PBXFileSystemSynchronizedRootGroup;
			path = "ios practicals";
			sourceTree = "<group>";
		};
/* End PBXFileSystemSynchronizedRootGroup section */

/* Begin PBXFrameworksBuildPhase section */
		E786340E2FD41AFF00B1F430 /* Frameworks */ = {
			isa = PBXFrameworksBuildPhase;
			buildActionMask = 2147483647;
			files = (
			);
			runOnlyForDeploymentPostprocessing = 0;
		};
/* End PBXFrameworksBuildPhase section */

/* Begin PBXGroup section */
		E715B1FA2FFD042B0065AD8B /* App */ = {
			isa = PBXGroup;
			children = (
				E715B1DF2FFCFE8B0065AD8B /* ios_practicalsApp.swift */,
			);
			path = App;
			sourceTree = "<group>";
		};
		E715B1FB2FFD046F0065AD8B /* Models */ = {
			isa = PBXGroup;
			children = (
				E715B1DD2FFCFE8B0065AD8B /* Game2-CardModel.swift */,
				E715B1DC2FFCFE8B0065AD8B /* Game2- LevelProgression.swift */,
				E715B1D72FFCFE8B0065AD8B /* QuizModels.swift */,
				E715B20A2FFD164B0065AD8B /* GameSession.swift */,
			);
			path = Models;
			sourceTree = "<group>";
		};
		E715B1FC2FFD04810065AD8B /* ViewModels */ = {
			isa = PBXGroup;
			children = (
				E715B1E42FFCFE8B0065AD8B /* TapFrenzyVM.swift */,
				E715B1E12FFCFE8B0065AD8B /* LightItUpVM.swift */,
				E715B1D92FFCFE8B0065AD8B /* QuizViewModel.swift */,
			);
			path = ViewModels;
			sourceTree = "<group>";
		};
		E715B1FD2FFD04940065AD8B /* Services */ = {
			isa = PBXGroup;
			children = (
				E715B1D82FFCFE8B0065AD8B /* QuizService.swift */,
				E7FB0BD03000A7D300D9DFEF /* LocationService.swift */,
				E7FB0BD43001060400D9DFEF /* NotificationService.swift */,
			);
			path = Services;
			sourceTree = "<group>";
		};
		E715B1FE2FFD04A60065AD8B /* Views */ = {
			isa = PBXGroup;
			children = (
				E715B2012FFD053D0065AD8B /* Shared */,
				E715B2002FFD05310065AD8B /* Games */,
				E715B1FF2FFD05230065AD8B /* Tabs */,
			);
			path = Views;
			sourceTree = "<group>";
		};
		E715B1FF2FFD05230065AD8B /* Tabs */ = {
			isa = PBXGroup;
			children = (
				E715B1DE2FFCFE8B0065AD8B /* HomeView.swift */,
				E715B2022FFD0F580065AD8B /* MainTab.swift */,
				E715B2042FFD0FBD0065AD8B /* StatsTab.swift */,
				E715B2062FFD10FE0065AD8B /* MapTab.swift */,
				E715B2082FFD115F0065AD8B /* SettingsTab.swift */,
			);
			path = Tabs;
			sourceTree = "<group>";
		};
		E715B2002FFD05310065AD8B /* Games */ = {
			isa = PBXGroup;
			children = (
				E715B1E32FFCFE8B0065AD8B /* TapFrenzyView.swift */,
				E715B1E02FFCFE8B0065AD8B /* LightItUpView.swift */,
				E715B1E22FFCFE8B0065AD8B /* QuizRushGameView.swift */,
			);
			path = Games;
			sourceTree = "<group>";
		};
		E715B2012FFD053D0065AD8B /* Shared */ = {
			isa = PBXGroup;
			children = (
				E715B20C2FFD17AA0065AD8B /* ResultView.swift */,
			);
			path = Shared;
			sourceTree = "<group>";
		};
		E78634082FD41AFF00B1F430 = {
			isa = PBXGroup;
			children = (
				E715B1FE2FFD04A60065AD8B /* Views */,
				E715B1FD2FFD04940065AD8B /* Services */,
				E715B1FC2FFD04810065AD8B /* ViewModels */,
				E715B1FB2FFD046F0065AD8B /* Models */,
				E715B1FA2FFD042B0065AD8B /* App */,
				E78634132FD41AFF00B1F430 /* ios practicals */,
				E78634122FD41AFF00B1F430 /* Products */,
			);
			sourceTree = "<group>";
		};
		E78634122FD41AFF00B1F430 /* Products */ = {
			isa = PBXGroup;
			children = (
				E78634112FD41AFF00B1F430 /* ios practicals.app */,
			);
			name = Products;
			sourceTree = "<group>";
		};
/* End PBXGroup section */

/* Begin PBXNativeTarget section */
		E78634102FD41AFF00B1F430 /* ios practicals */ = {
			isa = PBXNativeTarget;
			buildConfigurationList = E786341C2FD41B0100B1F430 /* Build configuration list for PBXNativeTarget "ios practicals" */;
			buildPhases = (
				E786340D2FD41AFF00B1F430 /* Sources */,
				E786340E2FD41AFF00B1F430 /* Frameworks */,
				E786340F2FD41AFF00B1F430 /* Resources */,
			);
			buildRules = (
			);
			dependencies = (
			);
			fileSystemSynchronizedGroups = (
				E78634132FD41AFF00B1F430 /* ios practicals */,
			);
			name = "ios practicals";
			packageProductDependencies = (
			);
			productName = "ios practicals";
			productReference = E78634112FD41AFF00B1F430 /* ios practicals.app */;
			productType = "com.apple.product-type.application";
		};
/* End PBXNativeTarget section */

/* Begin PBXProject section */
		E78634092FD41AFF00B1F430 /* Project object */ = {
			isa = PBXProject;
			attributes = {
				BuildIndependentTargetsInParallel = 1;
				LastSwiftUpdateCheck = 2620;
				LastUpgradeCheck = 2620;
				TargetAttributes = {
					E78634102FD41AFF00B1F430 = {
						CreatedOnToolsVersion = 26.2;
					};
				};
			};
			buildConfigurationList = E786340C2FD41AFF00B1F430 /* Build configuration list for PBXProject "ios practicals" */;
			developmentRegion = en;
			hasScannedForEncodings = 0;
			knownRegions = (
				en,
				Base,
			);
			mainGroup = E78634082FD41AFF00B1F430;
			minimizedProjectReferenceProxies = 1;
			preferredProjectObjectVersion = 77;
			productRefGroup = E78634122FD41AFF00B1F430 /* Products */;
			projectDirPath = "";
			projectRoot = "";
			targets = (
				E78634102FD41AFF00B1F430 /* ios practicals */,
			);
		};
/* End PBXProject section */

/* Begin PBXResourcesBuildPhase section */
		E786340F2FD41AFF00B1F430 /* Resources */ = {
			isa = PBXResourcesBuildPhase;
			buildActionMask = 2147483647;
			files = (
			);
			runOnlyForDeploymentPostprocessing = 0;
		};
/* End PBXResourcesBuildPhase section */

/* Begin PBXSourcesBuildPhase section */
		E786340D2FD41AFF00B1F430 /* Sources */ = {
			isa = PBXSourcesBuildPhase;
			buildActionMask = 2147483647;
			files = (
				E715B1E52FFCFE8B0065AD8B /* QuizModels.swift in Sources */,
				E715B1E62FFCFE8B0065AD8B /* QuizService.swift in Sources */,
				E715B1E72FFCFE8B0065AD8B /* QuizViewModel.swift in Sources */,
				E715B1E82FFCFE8B0065AD8B /* Game2- LevelProgression.swift in Sources */,
				E715B2092FFD115F0065AD8B /* SettingsTab.swift in Sources */,
				E715B2072FFD10FE0065AD8B /* MapTab.swift in Sources */,
				E7FB0BD13000A7D300D9DFEF /* LocationService.swift in Sources */,
				E715B1E92FFCFE8B0065AD8B /* Game2-CardModel.swift in Sources */,
				E7FB0BD53001060400D9DFEF /* NotificationService.swift in Sources */,
				E715B1EA2FFCFE8B0065AD8B /* HomeView.swift in Sources */,
				E715B1EB2FFCFE8B0065AD8B /* ios_practicalsApp.swift in Sources */,
				E715B20B2FFD164B0065AD8B /* GameSession.swift in Sources */,
				E715B2032FFD0F580065AD8B /* MainTab.swift in Sources */,
				E715B20D2FFD17AA0065AD8B /* ResultView.swift in Sources */,
				E715B1EC2FFCFE8B0065AD8B /* LightItUpView.swift in Sources */,
				E715B1ED2FFCFE8B0065AD8B /* LightItUpVM.swift in Sources */,
				E715B1EE2FFCFE8B0065AD8B /* QuizRushGameView.swift in Sources */,
				E715B1EF2FFCFE8B0065AD8B /* TapFrenzyView.swift in Sources */,
				E715B2052FFD0FBD0065AD8B /* StatsTab.swift in Sources */,
				E715B1F02FFCFE8B0065AD8B /* TapFrenzyVM.swift in Sources */,
			);
			runOnlyForDeploymentPostprocessing = 0;
		};
/* End PBXSourcesBuildPhase section */

/* Begin XCBuildConfiguration section */
		E786341A2FD41B0100B1F430 /* Debug */ = {
			isa = XCBuildConfiguration;
			buildSettings = {
				ALWAYS_SEARCH_USER_PATHS = NO;
				ASSETCATALOG_COMPILER_GENERATE_SWIFT_ASSET_SYMBOL_EXTENSIONS = YES;
				CLANG_ANALYZER_NONNULL = YES;
				CLANG_ANALYZER_NUMBER_OBJECT_CONVERSION = YES_AGGRESSIVE;
				CLANG_CXX_LANGUAGE_STANDARD = "gnu++20";
				CLANG_ENABLE_MODULES = YES;
				CLANG_ENABLE_OBJC_ARC = YES;
				CLANG_ENABLE_OBJC_WEAK = YES;
				CLANG_WARN_BLOCK_CAPTURE_AUTORELEASING = YES;
				CLANG_WARN_BOOL_CONVERSION = YES;
				CLANG_WARN_COMMA = YES;
				CLANG_WARN_CONSTANT_CONVERSION = YES;
				CLANG_WARN_DEPRECATED_OBJC_IMPLEMENTATIONS = YES;
				CLANG_WARN_DIRECT_OBJC_ISA_USAGE = YES_ERROR;
				CLANG_WARN_DOCUMENTATION_COMMENTS = YES;
				CLANG_WARN_EMPTY_BODY = YES;
				CLANG_WARN_ENUM_CONVERSION = YES;
				CLANG_WARN_INFINITE_RECURSION = YES;
				CLANG_WARN_INT_CONVERSION = YES;
				CLANG_WARN_NON_LITERAL_NULL_CONVERSION = YES;
				CLANG_WARN_OBJC_IMPLICIT_RETAIN_SELF = YES;
				CLANG_WARN_OBJC_LITERAL_CONVERSION = YES;
				CLANG_WARN_OBJC_ROOT_CLASS = YES_ERROR;
				CLANG_WARN_QUOTED_INCLUDE_IN_FRAMEWORK_HEADER = YES;
				CLANG_WARN_RANGE_LOOP_ANALYSIS = YES;
				CLANG_WARN_STRICT_PROTOTYPES = YES;
				CLANG_WARN_SUSPICIOUS_MOVE = YES;
				CLANG_WARN_UNGUARDED_AVAILABILITY = YES_AGGRESSIVE;
				CLANG_WARN_UNREACHABLE_CODE = YES;
				CLANG_WARN__DUPLICATE_METHOD_MATCH = YES;
				COPY_PHASE_STRIP = NO;
				DEBUG_INFORMATION_FORMAT = dwarf;
				ENABLE_STRICT_OBJC_MSGSEND = YES;
				ENABLE_TESTABILITY = YES;
				ENABLE_USER_SCRIPT_SANDBOXING = YES;
				GCC_C_LANGUAGE_STANDARD = gnu17;
				GCC_DYNAMIC_NO_PIC = NO;
				GCC_NO_COMMON_BLOCKS = YES;
				GCC_OPTIMIZATION_LEVEL = 0;
				GCC_PREPROCESSOR_DEFINITIONS = (
					"DEBUG=1",
					"$(inherited)",
				);
				GCC_WARN_64_TO_32_BIT_CONVERSION = YES;
				GCC_WARN_ABOUT_RETURN_TYPE = YES_ERROR;
				GCC_WARN_UNDECLARED_SELECTOR = YES;
				GCC_WARN_UNINITIALIZED_AUTOS = YES_AGGRESSIVE;
				GCC_WARN_UNUSED_FUNCTION = YES;
				GCC_WARN_UNUSED_VARIABLE = YES;
				IPHONEOS_DEPLOYMENT_TARGET = 26.2;
				LOCALIZATION_PREFERS_STRING_CATALOGS = YES;
				MTL_ENABLE_DEBUG_INFO = INCLUDE_SOURCE;
				MTL_FAST_MATH = YES;
				ONLY_ACTIVE_ARCH = YES;
				SDKROOT = iphoneos;
				SWIFT_ACTIVE_COMPILATION_CONDITIONS = "DEBUG $(inherited)";
				SWIFT_OPTIMIZATION_LEVEL = "-Onone";
			};
			name = Debug;
		};
		E786341B2FD41B0100B1F430 /* Release */ = {
			isa = XCBuildConfiguration;
			buildSettings = {
				ALWAYS_SEARCH_USER_PATHS = NO;
				ASSETCATALOG_COMPILER_GENERATE_SWIFT_ASSET_SYMBOL_EXTENSIONS = YES;
				CLANG_ANALYZER_NONNULL = YES;
				CLANG_ANALYZER_NUMBER_OBJECT_CONVERSION = YES_AGGRESSIVE;
				CLANG_CXX_LANGUAGE_STANDARD = "gnu++20";
				CLANG_ENABLE_MODULES = YES;
				CLANG_ENABLE_OBJC_ARC = YES;
				CLANG_ENABLE_OBJC_WEAK = YES;
				CLANG_WARN_BLOCK_CAPTURE_AUTORELEASING = YES;
				CLANG_WARN_BOOL_CONVERSION = YES;
				CLANG_WARN_COMMA = YES;
				CLANG_WARN_CONSTANT_CONVERSION = YES;
				CLANG_WARN_DEPRECATED_OBJC_IMPLEMENTATIONS = YES;
				CLANG_WARN_DIRECT_OBJC_ISA_USAGE = YES_ERROR;
				CLANG_WARN_DOCUMENTATION_COMMENTS = YES;
				CLANG_WARN_EMPTY_BODY = YES;
				CLANG_WARN_ENUM_CONVERSION = YES;
				CLANG_WARN_INFINITE_RECURSION = YES;
				CLANG_WARN_INT_CONVERSION = YES;
				CLANG_WARN_NON_LITERAL_NULL_CONVERSION = YES;
				CLANG_WARN_OBJC_IMPLICIT_RETAIN_SELF = YES;
				CLANG_WARN_OBJC_LITERAL_CONVERSION = YES;
				CLANG_WARN_OBJC_ROOT_CLASS = YES_ERROR;
				CLANG_WARN_QUOTED_INCLUDE_IN_FRAMEWORK_HEADER = YES;
				CLANG_WARN_RANGE_LOOP_ANALYSIS = YES;
				CLANG_WARN_STRICT_PROTOTYPES = YES;
				CLANG_WARN_SUSPICIOUS_MOVE = YES;
				CLANG_WARN_UNGUARDED_AVAILABILITY = YES_AGGRESSIVE;
				CLANG_WARN_UNREACHABLE_CODE = YES;
				CLANG_WARN__DUPLICATE_METHOD_MATCH = YES;
				COPY_PHASE_STRIP = NO;
				DEBUG_INFORMATION_FORMAT = "dwarf-with-dsym";
				ENABLE_NS_ASSERTIONS = NO;
				ENABLE_STRICT_OBJC_MSGSEND = YES;
				ENABLE_USER_SCRIPT_SANDBOXING = YES;
				GCC_C_LANGUAGE_STANDARD = gnu17;
				GCC_NO_COMMON_BLOCKS = YES;
				GCC_WARN_64_TO_32_BIT_CONVERSION = YES;
				GCC_WARN_ABOUT_RETURN_TYPE = YES_ERROR;
				GCC_WARN_UNDECLARED_SELECTOR = YES;
				GCC_WARN_UNINITIALIZED_AUTOS = YES_AGGRESSIVE;
				GCC_WARN_UNUSED_FUNCTION = YES;
				GCC_WARN_UNUSED_VARIABLE = YES;
				IPHONEOS_DEPLOYMENT_TARGET = 26.2;
				LOCALIZATION_PREFERS_STRING_CATALOGS = YES;
				MTL_ENABLE_DEBUG_INFO = NO;
				MTL_FAST_MATH = YES;
				SDKROOT = iphoneos;
				SWIFT_COMPILATION_MODE = wholemodule;
				VALIDATE_PRODUCT = YES;
			};
			name = Release;
		};
		E786341D2FD41B0100B1F430 /* Debug */ = {
			isa = XCBuildConfiguration;
			buildSettings = {
				ASSETCATALOG_COMPILER_APPICON_NAME = AppIcon;
				ASSETCATALOG_COMPILER_GLOBAL_ACCENT_COLOR_NAME = AccentColor;
				CODE_SIGN_STYLE = Automatic;
				CURRENT_PROJECT_VERSION = 1;
				ENABLE_PREVIEWS = YES;
				GENERATE_INFOPLIST_FILE = YES;
				INFOPLIST_KEY_CFBundleDisplayName = "";
				INFOPLIST_KEY_LSApplicationCategoryType = "";
				INFOPLIST_KEY_NSLocationAlwaysAndWhenInUseUsageDescription = "PlayHub uses your location to save where each game was played";
				INFOPLIST_KEY_UIApplicationSceneManifest_Generation = YES;
				INFOPLIST_KEY_UIApplicationSupportsIndirectInputEvents = YES;
				INFOPLIST_KEY_UILaunchScreen_Generation = YES;
				INFOPLIST_KEY_UISupportedInterfaceOrientations_iPad = "UIInterfaceOrientationPortrait UIInterfaceOrientationPortraitUpsideDown UIInterfaceOrientationLandscapeLeft UIInterfaceOrientationLandscapeRight";
				INFOPLIST_KEY_UISupportedInterfaceOrientations_iPhone = "UIInterfaceOrientationPortrait UIInterfaceOrientationLandscapeLeft UIInterfaceOrientationLandscapeRight";
				LD_RUNPATH_SEARCH_PATHS = (
					"$(inherited)",
					"@executable_path/Frameworks",
				);
				MARKETING_VERSION = 1.0;
				PRODUCT_BUNDLE_IDENTIFIER = "Rishni-perera.ios-practicals";
				PRODUCT_NAME = "$(TARGET_NAME)";
				STRING_CATALOG_GENERATE_SYMBOLS = YES;
				SWIFT_APPROACHABLE_CONCURRENCY = YES;
				SWIFT_DEFAULT_ACTOR_ISOLATION = MainActor;
				SWIFT_EMIT_LOC_STRINGS = YES;
				SWIFT_UPCOMING_FEATURE_MEMBER_IMPORT_VISIBILITY = YES;
				SWIFT_VERSION = 5.0;
				TARGETED_DEVICE_FAMILY = "1,2";
			};
			name = Debug;
		};
		E786341E2FD41B0100B1F430 /* Release */ = {
			isa = XCBuildConfiguration;
			buildSettings = {
				ASSETCATALOG_COMPILER_APPICON_NAME = AppIcon;
				ASSETCATALOG_COMPILER_GLOBAL_ACCENT_COLOR_NAME = AccentColor;
				CODE_SIGN_STYLE = Automatic;
				CURRENT_PROJECT_VERSION = 1;
				ENABLE_PREVIEWS = YES;
				GENERATE_INFOPLIST_FILE = YES;
				INFOPLIST_KEY_CFBundleDisplayName = "";
				INFOPLIST_KEY_LSApplicationCategoryType = "";
				INFOPLIST_KEY_NSLocationAlwaysAndWhenInUseUsageDescription = "PlayHub uses your location to save where each game was played";
				INFOPLIST_KEY_UIApplicationSceneManifest_Generation = YES;
				INFOPLIST_KEY_UIApplicationSupportsIndirectInputEvents = YES;
				INFOPLIST_KEY_UILaunchScreen_Generation = YES;
				INFOPLIST_KEY_UISupportedInterfaceOrientations_iPad = "UIInterfaceOrientationPortrait UIInterfaceOrientationPortraitUpsideDown UIInterfaceOrientationLandscapeLeft UIInterfaceOrientationLandscapeRight";
				INFOPLIST_KEY_UISupportedInterfaceOrientations_iPhone = "UIInterfaceOrientationPortrait UIInterfaceOrientationLandscapeLeft UIInterfaceOrientationLandscapeRight";
				LD_RUNPATH_SEARCH_PATHS = (
					"$(inherited)",
					"@executable_path/Frameworks",
				);
				MARKETING_VERSION = 1.0;
				PRODUCT_BUNDLE_IDENTIFIER = "Rishni-perera.ios-practicals";
				PRODUCT_NAME = "$(TARGET_NAME)";
				STRING_CATALOG_GENERATE_SYMBOLS = YES;
				SWIFT_APPROACHABLE_CONCURRENCY = YES;
				SWIFT_DEFAULT_ACTOR_ISOLATION = MainActor;
				SWIFT_EMIT_LOC_STRINGS = YES;
				SWIFT_UPCOMING_FEATURE_MEMBER_IMPORT_VISIBILITY = YES;
				SWIFT_VERSION = 5.0;
				TARGETED_DEVICE_FAMILY = "1,2";
			};
			name = Release;
		};
/* End XCBuildConfiguration section */

/* Begin XCConfigurationList section */
		E786340C2FD41AFF00B1F430 /* Build configuration list for PBXProject "ios practicals" */ = {
			isa = XCConfigurationList;
			buildConfigurations = (
				E786341A2FD41B0100B1F430 /* Debug */,
				E786341B2FD41B0100B1F430 /* Release */,
			);
			defaultConfigurationIsVisible = 0;
			defaultConfigurationName = Release;
		};
		E786341C2FD41B0100B1F430 /* Build configuration list for PBXNativeTarget "ios practicals" */ = {
			isa = XCConfigurationList;
			buildConfigurations = (
				E786341D2FD41B0100B1F430 /* Debug */,
				E786341E2FD41B0100B1F430 /* Release */,
			);
			defaultConfigurationIsVisible = 0;
			defaultConfigurationName = Release;
		};
/* End XCConfigurationList section */
	};
	rootObject = E78634092FD41AFF00B1F430 /* Project object */;
}
